
Microsoft Visual Studio Solution File, Format Version 12.00
# Visual Studio Version 17
VisualStudioVersion = 17.4.33103.184
MinimumVisualStudioVersion = 10.0.40219.1
Project("{FAE04EC0-301F-11D3-BF4B-00C04F79EFBC}") = "TaskManager", "TaskManager\TaskManager.csproj", "{5797A96A-C431-4E72-B92E-143A682A8255}"
EndProject
Global
	GlobalSection(SolutionConfigurationPlatforms) = preSolution
		Debug|Any CPU = Debug|Any CPU
		Release|Any CPU = Release|Any CPU
	EndGlobalSection
	GlobalSection(ProjectConfigurationPlatforms) = postSolution
		{5797A96A-C431-4E72-B92E-143A682A8255}.Debug|Any CPU.ActiveCfg = Debug|Any CPU
		{5797A96A-C431-4E72-B92E-143A682A8255}.Debug|Any CPU.Build.0 = Debug|Any CPU
		{5797A96A-C431-4E72-B92E-143A682A8255}.Release|Any CPU.ActiveCfg = Release|Any CPU
		{5797A96A-C431-4E72-B92E-143A682A8255}.Release|Any CPU.Build.0 = Release|Any CPU
	EndGlobalSection
	GlobalSection(SolutionProperties) = preSolution
		HideSolutionNode = FALSE
	EndGlobalSection
	GlobalSection(ExtensibilityGlobals) = postSolution
		SolutionGuid = {745DA9E8-BF49-4D75-9AD9-AE60C3125F85}
	EndGlobalSection
EndGlobal
